
Microsoft Visual Studio Solution File, Format Version 12.00
# Visual Studio Version 17
VisualStudioVersion = 17.3.32922.545
MinimumVisualStudioVersion = 10.0.40219.1
Project("{FAE04EC0-301F-11D3-BF4B-00C04F79EFBC}") = "MoreLinq", "MoreLinq\MoreLinq.csproj", "{16EBFCD1-89C1-4CA9-8841-0A1795279568}"
EndProject
Global
	GlobalSection(SolutionConfigurationPlatforms) = preSolution
		Debug|Any CPU = Debug|Any CPU
		Release|Any CPU = Release|Any CPU
	EndGlobalSection
	GlobalSection(ProjectConfigurationPlatforms) = postSolution
		{16EBFCD1-89C1-4CA9-8841-0A1795279568}.Debug|Any CPU.ActiveCfg = Debug|Any CPU
		{16EBFCD1-89C1-4CA9-8841-0A1795279568}.Debug|Any CPU.Build.0 = Debug|Any CPU
		{16EBFCD1-89C1-4CA9-8841-0A1795279568}.Release|Any CPU.ActiveCfg = Release|Any CPU
		{16EBFCD1-89C1-4CA9-8841-0A1795279568}.Release|Any CPU.Build.0 = Release|Any CPU
	EndGlobalSection
	GlobalSection(SolutionProperties) = preSolution
		HideSolutionNode = FALSE
	EndGlobalSection
	GlobalSection(ExtensibilityGlobals) = postSolution
		SolutionGuid = {22086EA6-056F-43D0-9C79-5C36267C066E}
	EndGlobalSection
EndGlobal
